
Microsoft Visual Studio Solution File, Format Version 12.00
# Visual Studio 2012
Project("{f2a71f9b-5d33-465a-a702-920d77279786}") = "DAG", "DAG\DAG.fsproj", "{8712E9AF-2928-4709-A5AE-49F9D832D52C}"
EndProject
Project("{FAE04EC0-301F-11D3-BF4B-00C04F79EFBC}") = "DagCS", "DagCS\DagCS.csproj", "{BCB449B7-045F-4B7E-83A1-470FDEF6A3E5}"
EndProject
Global
	GlobalSection(SolutionConfigurationPlatforms) = preSolution
		Debug|x86 = Debug|x86
		Release|x86 = Release|x86
	EndGlobalSection
	GlobalSection(ProjectConfigurationPlatforms) = postSolution
		{8712E9AF-2928-4709-A5AE-49F9D832D52C}.Debug|x86.ActiveCfg = Debug|x86
		{8712E9AF-2928-4709-A5AE-49F9D832D52C}.Debug|x86.Build.0 = Debug|x86
		{8712E9AF-2928-4709-A5AE-49F9D832D52C}.Release|x86.ActiveCfg = Release|x86
		{8712E9AF-2928-4709-A5AE-49F9D832D52C}.Release|x86.Build.0 = Release|x86
		{BCB449B7-045F-4B7E-83A1-470FDEF6A3E5}.Debug|x86.ActiveCfg = Debug|x86
		{BCB449B7-045F-4B7E-83A1-470FDEF6A3E5}.Debug|x86.Build.0 = Debug|x86
		{BCB449B7-045F-4B7E-83A1-470FDEF6A3E5}.Release|x86.ActiveCfg = Release|x86
		{BCB449B7-045F-4B7E-83A1-470FDEF6A3E5}.Release|x86.Build.0 = Release|x86
	EndGlobalSection
	GlobalSection(MonoDevelopProperties) = preSolution
		StartupItem = DagCS\DagCS.csproj
	EndGlobalSection
EndGlobal
